
Microsoft Visual Studio Solution File, Format Version 12.00
# Visual Studio Version 17
VisualStudioVersion = 17.3.32929.385
MinimumVisualStudioVersion = 10.0.40219.1
Project("{FAE04EC0-301F-11D3-BF4B-00C04F79EFBC}") = "WebView2 Rewrite", "WebView2 Rewrite\WebView2 Rewrite.csproj", "{DE27BCD3-54D0-4E9B-989F-41AC5AAD8839}"
EndProject
Project("{FAE04EC0-301F-11D3-BF4B-00C04F79EFBC}") = "WebView2 Rewrite WinUI 3", "WebView2 Rewrite WinUI 3\WebView2 Rewrite WinUI 3.csproj", "{7550FC86-F1DB-4799-8C86-2139B3BE48A8}"
EndProject
Project("{9A19103F-16F7-4668-BE54-9A1E7A4F7556}") = "WinWrapper", "..\WinWrapper\WinWrapper\WinWrapper.csproj", "{987F559B-3C92-49C9-950A-992E633433BF}"
EndProject
Global
	GlobalSection(SolutionConfigurationPlatforms) = preSolution
		Debug|Any CPU = Debug|Any CPU
		Debug|ARM = Debug|ARM
		Debug|ARM64 = Debug|ARM64
		Debug|x64 = Debug|x64
		Debug|x86 = Debug|x86
		Release|Any CPU = Release|Any CPU
		Release|ARM = Release|ARM
		Release|ARM64 = Release|ARM64
		Release|x64 = Release|x64
		Release|x86 = Release|x86
	EndGlobalSection
	GlobalSection(ProjectConfigurationPlatforms) = postSolution
		{DE27BCD3-54D0-4E9B-989F-41AC5AAD8839}.Debug|Any CPU.ActiveCfg = Debug|Any CPU
		{DE27BCD3-54D0-4E9B-989F-41AC5AAD8839}.Debug|Any CPU.Build.0 = Debug|Any CPU
		{DE27BCD3-54D0-4E9B-989F-41AC5AAD8839}.Debug|Any CPU.Deploy.0 = Debug|Any CPU
		{DE27BCD3-54D0-4E9B-989F-41AC5AAD8839}.Debug|ARM.ActiveCfg = Debug|ARM
		{DE27BCD3-54D0-4E9B-989F-41AC5AAD8839}.Debug|ARM.Build.0 = Debug|ARM
		{DE27BCD3-54D0-4E9B-989F-41AC5AAD8839}.Debug|ARM.Deploy.0 = Debug|ARM
		{DE27BCD3-54D0-4E9B-989F-41AC5AAD8839}.Debug|ARM64.ActiveCfg = Debug|ARM64
		{DE27BCD3-54D0-4E9B-989F-41AC5AAD8839}.Debug|ARM64.Build.0 = Debug|ARM64
		{DE27BCD3-54D0-4E9B-989F-41AC5AAD8839}.Debug|ARM64.Deploy.0 = Debug|ARM64
		{DE27BCD3-54D0-4E9B-989F-41AC5AAD8839}.Debug|x64.ActiveCfg = Debug|x64
		{DE27BCD3-54D0-4E9B-989F-41AC5AAD8839}.Debug|x64.Build.0 = Debug|x64
		{DE27BCD3-54D0-4E9B-989F-41AC5AAD8839}.Debug|x64.Deploy.0 = Debug|x64
		{DE27BCD3-54D0-4E9B-989F-41AC5AAD8839}.Debug|x86.ActiveCfg = Debug|x86
		{DE27BCD3-54D0-4E9B-989F-41AC5AAD8839}.Debug|x86.Build.0 = Debug|x86
		{DE27BCD3-54D0-4E9B-989F-41AC5AAD8839}.Debug|x86.Deploy.0 = Debug|x86
		{DE27BCD3-54D0-4E9B-989F-41AC5AAD8839}.Release|Any CPU.ActiveCfg = Release|Any CPU
		{DE27BCD3-54D0-4E9B-989F-41AC5AAD8839}.Release|Any CPU.Build.0 = Release|Any CPU
		{DE27BCD3-54D0-4E9B-989F-41AC5AAD8839}.Release|Any CPU.Deploy.0 = Release|Any CPU
		{DE27BCD3-54D0-4E9B-989F-41AC5AAD8839}.Release|ARM.ActiveCfg = Release|ARM
		{DE27BCD3-54D0-4E9B-989F-41AC5AAD8839}.Release|ARM.Build.0 = Release|ARM
		{DE27BCD3-54D0-4E9B-989F-41AC5AAD8839}.Release|ARM.Deploy.0 = Release|ARM
		{DE27BCD3-54D0-4E9B-989F-41AC5AAD8839}.Release|ARM64.ActiveCfg = Release|ARM64
		{DE27BCD3-54D0-4E9B-989F-41AC5AAD8839}.Release|ARM64.Build.0 = Release|ARM64
		{DE27BCD3-54D0-4E9B-989F-41AC5AAD8839}.Release|ARM64.Deploy.0 = Release|ARM64
		{DE27BCD3-54D0-4E9B-989F-41AC5AAD8839}.Release|x64.ActiveCfg = Release|x64
		{DE27BCD3-54D0-4E9B-989F-41AC5AAD8839}.Release|x64.Build.0 = Release|x64
		{DE27BCD3-54D0-4E9B-989F-41AC5AAD8839}.Release|x64.Deploy.0 = Release|x64
		{DE27BCD3-54D0-4E9B-989F-41AC5AAD8839}.Release|x86.ActiveCfg = Release|x86
		{DE27BCD3-54D0-4E9B-989F-41AC5AAD8839}.Release|x86.Build.0 = Release|x86
		{DE27BCD3-54D0-4E9B-989F-41AC5AAD8839}.Release|x86.Deploy.0 = Release|x86
		{7550FC86-F1DB-4799-8C86-2139B3BE48A8}.Debug|Any CPU.ActiveCfg = Debug|x64
		{7550FC86-F1DB-4799-8C86-2139B3BE48A8}.Debug|Any CPU.Build.0 = Debug|x64
		{7550FC86-F1DB-4799-8C86-2139B3BE48A8}.Debug|Any CPU.Deploy.0 = Debug|x64
		{7550FC86-F1DB-4799-8C86-2139B3BE48A8}.Debug|ARM.ActiveCfg = Debug|x64
		{7550FC86-F1DB-4799-8C86-2139B3BE48A8}.Debug|ARM.Build.0 = Debug|x64
		{7550FC86-F1DB-4799-8C86-2139B3BE48A8}.Debug|ARM.Deploy.0 = Debug|x64
		{7550FC86-F1DB-4799-8C86-2139B3BE48A8}.Debug|ARM64.ActiveCfg = Debug|arm64
		{7550FC86-F1DB-4799-8C86-2139B3BE48A8}.Debug|ARM64.Build.0 = Debug|arm64
		{7550FC86-F1DB-4799-8C86-2139B3BE48A8}.Debug|ARM64.Deploy.0 = Debug|arm64
		{7550FC86-F1DB-4799-8C86-2139B3BE48A8}.Debug|x64.ActiveCfg = Debug|x64
		{7550FC86-F1DB-4799-8C86-2139B3BE48A8}.Debug|x64.Build.0 = Debug|x64
		{7550FC86-F1DB-4799-8C86-2139B3BE48A8}.Debug|x64.Deploy.0 = Debug|x64
		{7550FC86-F1DB-4799-8C86-2139B3BE48A8}.Debug|x86.ActiveCfg = Debug|x86
		{7550FC86-F1DB-4799-8C86-2139B3BE48A8}.Debug|x86.Build.0 = Debug|x86
		{7550FC86-F1DB-4799-8C86-2139B3BE48A8}.Debug|x86.Deploy.0 = Debug|x86
		{7550FC86-F1DB-4799-8C86-2139B3BE48A8}.Release|Any CPU.ActiveCfg = Release|x64
		{7550FC86-F1DB-4799-8C86-2139B3BE48A8}.Release|Any CPU.Build.0 = Release|x64
		{7550FC86-F1DB-4799-8C86-2139B3BE48A8}.Release|Any CPU.Deploy.0 = Release|x64
		{7550FC86-F1DB-4799-8C86-2139B3BE48A8}.Release|ARM.ActiveCfg = Release|x64
		{7550FC86-F1DB-4799-8C86-2139B3BE48A8}.Release|ARM.Build.0 = Release|x64
		{7550FC86-F1DB-4799-8C86-2139B3BE48A8}.Release|ARM.Deploy.0 = Release|x64
		{7550FC86-F1DB-4799-8C86-2139B3BE48A8}.Release|ARM64.ActiveCfg = Release|arm64
		{7550FC86-F1DB-4799-8C86-2139B3BE48A8}.Release|ARM64.Build.0 = Release|arm64
		{7550FC86-F1DB-4799-8C86-2139B3BE48A8}.Release|ARM64.Deploy.0 = Release|arm64
		{7550FC86-F1DB-4799-8C86-2139B3BE48A8}.Release|x64.ActiveCfg = Release|x64
		{7550FC86-F1DB-4799-8C86-2139B3BE48A8}.Release|x64.Build.0 = Release|x64
		{7550FC86-F1DB-4799-8C86-2139B3BE48A8}.Release|x64.Deploy.0 = Release|x64
		{7550FC86-F1DB-4799-8C86-2139B3BE48A8}.Release|x86.ActiveCfg = Release|x86
		{7550FC86-F1DB-4799-8C86-2139B3BE48A8}.Release|x86.Build.0 = Release|x86
		{7550FC86-F1DB-4799-8C86-2139B3BE48A8}.Release|x86.Deploy.0 = Release|x86
		{987F559B-3C92-49C9-950A-992E633433BF}.Debug|Any CPU.ActiveCfg = Debug|Any CPU
		{987F559B-3C92-49C9-950A-992E633433BF}.Debug|Any CPU.Build.0 = Debug|Any CPU
		{987F559B-3C92-49C9-950A-992E633433BF}.Debug|ARM.ActiveCfg = Debug|Any CPU
		{987F559B-3C92-49C9-950A-992E633433BF}.Debug|ARM.Build.0 = Debug|Any CPU
		{987F559B-3C92-49C9-950A-992E633433BF}.Debug|ARM64.ActiveCfg = Debug|Any CPU
		{987F559B-3C92-49C9-950A-992E633433BF}.Debug|ARM64.Build.0 = Debug|Any CPU
		{987F559B-3C92-49C9-950A-992E633433BF}.Debug|x64.ActiveCfg = Debug|Any CPU
		{987F559B-3C92-49C9-950A-992E633433BF}.Debug|x64.Build.0 = Debug|Any CPU
		{987F559B-3C92-49C9-950A-992E633433BF}.Debug|x86.ActiveCfg = Debug|Any CPU
		{987F559B-3C92-49C9-950A-992E633433BF}.Debug|x86.Build.0 = Debug|Any CPU
		{987F559B-3C92-49C9-950A-992E633433BF}.Release|Any CPU.ActiveCfg = Release|Any CPU
		{987F559B-3C92-49C9-950A-992E633433BF}.Release|Any CPU.Build.0 = Release|Any CPU
		{987F559B-3C92-49C9-950A-992E633433BF}.Release|ARM.ActiveCfg = Release|Any CPU
		{987F559B-3C92-49C9-950A-992E633433BF}.Release|ARM.Build.0 = Release|Any CPU
		{987F559B-3C92-49C9-950A-992E633433BF}.Release|ARM64.ActiveCfg = Release|Any CPU
		{987F559B-3C92-49C9-950A-992E633433BF}.Release|ARM64.Build.0 = Release|Any CPU
		{987F559B-3C92-49C9-950A-992E633433BF}.Release|x64.ActiveCfg = Release|Any CPU
		{987F559B-3C92-49C9-950A-992E633433BF}.Release|x64.Build.0 = Release|Any CPU
		{987F559B-3C92-49C9-950A-992E633433BF}.Release|x86.ActiveCfg = Release|Any CPU
		{987F559B-3C92-49C9-950A-992E633433BF}.Release|x86.Build.0 = Release|Any CPU
	EndGlobalSection
	GlobalSection(SolutionProperties) = preSolution
		HideSolutionNode = FALSE
	EndGlobalSection
	GlobalSection(ExtensibilityGlobals) = postSolution
		SolutionGuid = {CDA7B9CD-369C-43D2-B136-55FA70F8AB4B}
	EndGlobalSection
EndGlobal
